
Microsoft Visual Studio Solution File, Format Version 12.00
# Visual Studio Version 17
VisualStudioVersion = 17.3.32819.101
MinimumVisualStudioVersion = 10.0.40219.1
Project("{9A19103F-16F7-4668-BE54-9A1E7A4F7556}") = "Fedestrap", "src\Fedestrap.App\Fedestrap.csproj", "{0D75146E-DA24-4B05-B6C9-250C8F81B0C7}"
EndProject
Project("{9A19103F-16F7-4668-BE54-9A1E7A4F7556}") = "Fedestrap.Platform.Abstractions", "src\Fedestrap.Platform.Abstractions\Fedestrap.Platform.Abstractions.csproj", "{C95FDDB6-FFE7-4105-8730-F8ADE13088CD}"
EndProject
Project("{9A19103F-16F7-4668-BE54-9A1E7A4F7556}") = "Fedestrap.Core", "src\Fedestrap.Core\Fedestrap.Core.csproj", "{3233D819-2E8A-449A-B554-DD2AA13C8520}"
EndProject
Project("{9A19103F-16F7-4668-BE54-9A1E7A4F7556}") = "Fedestrap.Platform.MacOS", "src\Fedestrap.Platform.MacOS\Fedestrap.Platform.MacOS.csproj", "{67CBA631-69E5-45D5-839D-3133FD5ED362}"
EndProject
Project("{9A19103F-16F7-4668-BE54-9A1E7A4F7556}") = "Fedestrap.Platform.Linux", "src\Fedestrap.Platform.Linux\Fedestrap.Platform.Linux.csproj", "{8553AE3F-8E99-4E52-8FB2-436A2037EB1B}"
EndProject
Project("{9A19103F-16F7-4668-BE54-9A1E7A4F7556}") = "Fedestrap.Platform.Windows", "src\Fedestrap.Platform.Windows\Fedestrap.Platform.Windows.csproj", "{1B451BA5-BE0F-49FA-918C-2FAC935E26D8}"
EndProject
Project("{9A19103F-16F7-4668-BE54-9A1E7A4F7556}") = "Fedestrap.Desktop", "src\Fedestrap.Desktop\Fedestrap.Desktop.csproj", "{5ACA75F8-1EBA-4855-B9F8-463A57B10372}"
EndProject
Project("{9A19103F-16F7-4668-BE54-9A1E7A4F7556}") = "Fedestrap.Desktop.Windows", "src\Fedestrap.Desktop.Windows\Fedestrap.Desktop.Windows.csproj", "{9C34E61F-C1F6-40E6-8A14-4C5096FE82DD}"
EndProject
Project("{9A19103F-16F7-4668-BE54-9A1E7A4F7556}") = "Fedestrap.Desktop.MacOS", "src\Fedestrap.Desktop.MacOS\Fedestrap.Desktop.MacOS.csproj", "{F5E02203-508F-4000-BBEB-E884408EEF2F}"
EndProject
Project("{9A19103F-16F7-4668-BE54-9A1E7A4F7556}") = "Fedestrap.Desktop.Linux", "src\Fedestrap.Desktop.Linux\Fedestrap.Desktop.Linux.csproj", "{30988527-73A0-4E92-A559-F3B00E54B276}"
EndProject
Project("{9A19103F-16F7-4668-BE54-9A1E7A4F7556}") = "Fedestrap.Cross", "src\Fedestrap.Cross\Fedestrap.Cross.csproj", "{6DE840B1-5DB7-4B62-9871-0B1DD1957A3D}"
EndProject
Project("{9A19103F-16F7-4668-BE54-9A1E7A4F7556}") = "Wpf.Ui", "external\wpfui\src\Wpf.Ui\Wpf.Ui.csproj", "{1ADC87D1-8963-4100-845A-18477824718E}"
EndProject
Project("{2150E333-8FDC-42A3-9474-1A3956D46DE8}") = "src", "src", "{827E0CD3-B72D-47B6-A68D-7590B98EB39B}"
EndProject
Project("{2150E333-8FDC-42A3-9474-1A3956D46DE8}") = "ClientServer", "ClientServer", "{064D8954-EF52-AA07-48F5-01E85D3D0079}"
EndProject
Project("{FAE04EC0-301F-11D3-BF4B-00C04F79EFBC}") = "WebServer", "src\ClientServer\WebServer\WebServer.csproj", "{05414A4A-7582-46D0-8D9B-F894D4875AA3}"
EndProject
Project("{FAE04EC0-301F-11D3-BF4B-00C04F79EFBC}") = "ClientCommon", "src\ClientServer\ClientCommon\ClientCommon.csproj", "{FB4B6F35-3D5A-4348-ACE0-0545BBCBE1F8}"
EndProject
Global
	GlobalSection(SolutionConfigurationPlatforms) = preSolution
		Debug|Any CPU = Debug|Any CPU
		Debug|x64 = Debug|x64
		Debug|x86 = Debug|x86
		Release|Any CPU = Release|Any CPU
		Release|x64 = Release|x64
		Release|x86 = Release|x86
	EndGlobalSection
	GlobalSection(ProjectConfigurationPlatforms) = postSolution
		{0D75146E-DA24-4B05-B6C9-250C8F81B0C7}.Debug|Any CPU.ActiveCfg = Debug|Any CPU
		{0D75146E-DA24-4B05-B6C9-250C8F81B0C7}.Debug|Any CPU.Build.0 = Debug|Any CPU
		{0D75146E-DA24-4B05-B6C9-250C8F81B0C7}.Debug|x64.ActiveCfg = Debug|Any CPU
		{0D75146E-DA24-4B05-B6C9-250C8F81B0C7}.Debug|x64.Build.0 = Debug|Any CPU
		{0D75146E-DA24-4B05-B6C9-250C8F81B0C7}.Debug|x86.ActiveCfg = Debug|Any CPU
		{0D75146E-DA24-4B05-B6C9-250C8F81B0C7}.Debug|x86.Build.0 = Debug|Any CPU
		{0D75146E-DA24-4B05-B6C9-250C8F81B0C7}.Release|Any CPU.ActiveCfg = Release|Any CPU
		{0D75146E-DA24-4B05-B6C9-250C8F81B0C7}.Release|Any CPU.Build.0 = Release|Any CPU
		{0D75146E-DA24-4B05-B6C9-250C8F81B0C7}.Release|x64.ActiveCfg = Release|Any CPU
		{0D75146E-DA24-4B05-B6C9-250C8F81B0C7}.Release|x64.Build.0 = Release|Any CPU
		{0D75146E-DA24-4B05-B6C9-250C8F81B0C7}.Release|x86.ActiveCfg = Release|Any CPU
		{0D75146E-DA24-4B05-B6C9-250C8F81B0C7}.Release|x86.Build.0 = Release|Any CPU
		{C95FDDB6-FFE7-4105-8730-F8ADE13088CD}.Debug|Any CPU.ActiveCfg = Debug|Any CPU
		{C95FDDB6-FFE7-4105-8730-F8ADE13088CD}.Debug|Any CPU.Build.0 = Debug|Any CPU
		{C95FDDB6-FFE7-4105-8730-F8ADE13088CD}.Debug|x64.ActiveCfg = Debug|Any CPU
		{C95FDDB6-FFE7-4105-8730-F8ADE13088CD}.Debug|x64.Build.0 = Debug|Any CPU
		{C95FDDB6-FFE7-4105-8730-F8ADE13088CD}.Debug|x86.ActiveCfg = Debug|Any CPU
		{C95FDDB6-FFE7-4105-8730-F8ADE13088CD}.Debug|x86.Build.0 = Debug|Any CPU
		{C95FDDB6-FFE7-4105-8730-F8ADE13088CD}.Release|Any CPU.ActiveCfg = Release|Any CPU
		{C95FDDB6-FFE7-4105-8730-F8ADE13088CD}.Release|Any CPU.Build.0 = Release|Any CPU
		{C95FDDB6-FFE7-4105-8730-F8ADE13088CD}.Release|x64.ActiveCfg = Release|Any CPU
		{C95FDDB6-FFE7-4105-8730-F8ADE13088CD}.Release|x64.Build.0 = Release|Any CPU
		{C95FDDB6-FFE7-4105-8730-F8ADE13088CD}.Release|x86.ActiveCfg = Release|Any CPU
		{C95FDDB6-FFE7-4105-8730-F8ADE13088CD}.Release|x86.Build.0 = Release|Any CPU
		{3233D819-2E8A-449A-B554-DD2AA13C8520}.Debug|Any CPU.ActiveCfg = Debug|Any CPU
		{3233D819-2E8A-449A-B554-DD2AA13C8520}.Debug|Any CPU.Build.0 = Debug|Any CPU
		{3233D819-2E8A-449A-B554-DD2AA13C8520}.Debug|x64.ActiveCfg = Debug|Any CPU
		{3233D819-2E8A-449A-B554-DD2AA13C8520}.Debug|x64.Build.0 = Debug|Any CPU
		{3233D819-2E8A-449A-B554-DD2AA13C8520}.Debug|x86.ActiveCfg = Debug|Any CPU
		{3233D819-2E8A-449A-B554-DD2AA13C8520}.Debug|x86.Build.0 = Debug|Any CPU
		{3233D819-2E8A-449A-B554-DD2AA13C8520}.Release|Any CPU.ActiveCfg = Release|Any CPU
		{3233D819-2E8A-449A-B554-DD2AA13C8520}.Release|Any CPU.Build.0 = Release|Any CPU
		{3233D819-2E8A-449A-B554-DD2AA13C8520}.Release|x64.ActiveCfg = Release|Any CPU
		{3233D819-2E8A-449A-B554-DD2AA13C8520}.Release|x64.Build.0 = Release|Any CPU
		{3233D819-2E8A-449A-B554-DD2AA13C8520}.Release|x86.ActiveCfg = Release|Any CPU
		{3233D819-2E8A-449A-B554-DD2AA13C8520}.Release|x86.Build.0 = Release|Any CPU
		{67CBA631-69E5-45D5-839D-3133FD5ED362}.Debug|Any CPU.ActiveCfg = Debug|Any CPU
		{67CBA631-69E5-45D5-839D-3133FD5ED362}.Debug|Any CPU.Build.0 = Debug|Any CPU
		{67CBA631-69E5-45D5-839D-3133FD5ED362}.Debug|x64.ActiveCfg = Debug|Any CPU
		{67CBA631-69E5-45D5-839D-3133FD5ED362}.Debug|x64.Build.0 = Debug|Any CPU
		{67CBA631-69E5-45D5-839D-3133FD5ED362}.Debug|x86.ActiveCfg = Debug|Any CPU
		{67CBA631-69E5-45D5-839D-3133FD5ED362}.Debug|x86.Build.0 = Debug|Any CPU
		{67CBA631-69E5-45D5-839D-3133FD5ED362}.Release|Any CPU.ActiveCfg = Release|Any CPU
		{67CBA631-69E5-45D5-839D-3133FD5ED362}.Release|Any CPU.Build.0 = Release|Any CPU
		{67CBA631-69E5-45D5-839D-3133FD5ED362}.Release|x64.ActiveCfg = Release|Any CPU
		{67CBA631-69E5-45D5-839D-3133FD5ED362}.Release|x64.Build.0 = Release|Any CPU
		{67CBA631-69E5-45D5-839D-3133FD5ED362}.Release|x86.ActiveCfg = Release|Any CPU
		{67CBA631-69E5-45D5-839D-3133FD5ED362}.Release|x86.Build.0 = Release|Any CPU
		{8553AE3F-8E99-4E52-8FB2-436A2037EB1B}.Debug|Any CPU.ActiveCfg = Debug|Any CPU
		{8553AE3F-8E99-4E52-8FB2-436A2037EB1B}.Debug|Any CPU.Build.0 = Debug|Any CPU
		{8553AE3F-8E99-4E52-8FB2-436A2037EB1B}.Debug|x64.ActiveCfg = Debug|Any CPU
		{8553AE3F-8E99-4E52-8FB2-436A2037EB1B}.Debug|x64.Build.0 = Debug|Any CPU
		{8553AE3F-8E99-4E52-8FB2-436A2037EB1B}.Debug|x86.ActiveCfg = Debug|Any CPU
		{8553AE3F-8E99-4E52-8FB2-436A2037EB1B}.Debug|x86.Build.0 = Debug|Any CPU
		{8553AE3F-8E99-4E52-8FB2-436A2037EB1B}.Release|Any CPU.ActiveCfg = Release|Any CPU
		{8553AE3F-8E99-4E52-8FB2-436A2037EB1B}.Release|Any CPU.Build.0 = Release|Any CPU
		{8553AE3F-8E99-4E52-8FB2-436A2037EB1B}.Release|x64.ActiveCfg = Release|Any CPU
		{8553AE3F-8E99-4E52-8FB2-436A2037EB1B}.Release|x64.Build.0 = Release|Any CPU
		{8553AE3F-8E99-4E52-8FB2-436A2037EB1B}.Release|x86.ActiveCfg = Release|Any CPU
		{8553AE3F-8E99-4E52-8FB2-436A2037EB1B}.Release|x86.Build.0 = Release|Any CPU
		{1B451BA5-BE0F-49FA-918C-2FAC935E26D8}.Debug|Any CPU.ActiveCfg = Debug|Any CPU
		{1B451BA5-BE0F-49FA-918C-2FAC935E26D8}.Debug|Any CPU.Build.0 = Debug|Any CPU
		{1B451BA5-BE0F-49FA-918C-2FAC935E26D8}.Debug|x64.ActiveCfg = Debug|Any CPU
		{1B451BA5-BE0F-49FA-918C-2FAC935E26D8}.Debug|x64.Build.0 = Debug|Any CPU
		{1B451BA5-BE0F-49FA-918C-2FAC935E26D8}.Debug|x86.ActiveCfg = Debug|Any CPU
		{1B451BA5-BE0F-49FA-918C-2FAC935E26D8}.Debug|x86.Build.0 = Debug|Any CPU
		{1B451BA5-BE0F-49FA-918C-2FAC935E26D8}.Release|Any CPU.ActiveCfg = Release|Any CPU
		{1B451BA5-BE0F-49FA-918C-2FAC935E26D8}.Release|Any CPU.Build.0 = Release|Any CPU
		{1B451BA5-BE0F-49FA-918C-2FAC935E26D8}.Release|x64.ActiveCfg = Release|Any CPU
		{1B451BA5-BE0F-49FA-918C-2FAC935E26D8}.Release|x64.Build.0 = Release|Any CPU
		{1B451BA5-BE0F-49FA-918C-2FAC935E26D8}.Release|x86.ActiveCfg = Release|Any CPU
		{1B451BA5-BE0F-49FA-918C-2FAC935E26D8}.Release|x86.Build.0 = Release|Any CPU
		{5ACA75F8-1EBA-4855-B9F8-463A57B10372}.Debug|Any CPU.ActiveCfg = Debug|Any CPU
		{5ACA75F8-1EBA-4855-B9F8-463A57B10372}.Debug|Any CPU.Build.0 = Debug|Any CPU
		{5ACA75F8-1EBA-4855-B9F8-463A57B10372}.Debug|x64.ActiveCfg = Debug|Any CPU
		{5ACA75F8-1EBA-4855-B9F8-463A57B10372}.Debug|x64.Build.0 = Debug|Any CPU
		{5ACA75F8-1EBA-4855-B9F8-463A57B10372}.Debug|x86.ActiveCfg = Debug|Any CPU
		{5ACA75F8-1EBA-4855-B9F8-463A57B10372}.Debug|x86.Build.0 = Debug|Any CPU
		{5ACA75F8-1EBA-4855-B9F8-463A57B10372}.Release|Any CPU.ActiveCfg = Release|Any CPU
		{5ACA75F8-1EBA-4855-B9F8-463A57B10372}.Release|Any CPU.Build.0 = Release|Any CPU
		{5ACA75F8-1EBA-4855-B9F8-463A57B10372}.Release|x64.ActiveCfg = Release|Any CPU
		{5ACA75F8-1EBA-4855-B9F8-463A57B10372}.Release|x64.Build.0 = Release|Any CPU
		{5ACA75F8-1EBA-4855-B9F8-463A57B10372}.Release|x86.ActiveCfg = Release|Any CPU
		{5ACA75F8-1EBA-4855-B9F8-463A57B10372}.Release|x86.Build.0 = Release|Any CPU
		{9C34E61F-C1F6-40E6-8A14-4C5096FE82DD}.Debug|Any CPU.ActiveCfg = Debug|Any CPU
		{9C34E61F-C1F6-40E6-8A14-4C5096FE82DD}.Debug|Any CPU.Build.0 = Debug|Any CPU
		{9C34E61F-C1F6-40E6-8A14-4C5096FE82DD}.Debug|x64.ActiveCfg = Debug|Any CPU
		{9C34E61F-C1F6-40E6-8A14-4C5096FE82DD}.Debug|x64.Build.0 = Debug|Any CPU
		{9C34E61F-C1F6-40E6-8A14-4C5096FE82DD}.Debug|x86.ActiveCfg = Debug|Any CPU
		{9C34E61F-C1F6-40E6-8A14-4C5096FE82DD}.Debug|x86.Build.0 = Debug|Any CPU
		{9C34E61F-C1F6-40E6-8A14-4C5096FE82DD}.Release|Any CPU.ActiveCfg = Release|Any CPU
		{9C34E61F-C1F6-40E6-8A14-4C5096FE82DD}.Release|Any CPU.Build.0 = Release|Any CPU
		{9C34E61F-C1F6-40E6-8A14-4C5096FE82DD}.Release|x64.ActiveCfg = Release|Any CPU
		{9C34E61F-C1F6-40E6-8A14-4C5096FE82DD}.Release|x64.Build.0 = Release|Any CPU
		{9C34E61F-C1F6-40E6-8A14-4C5096FE82DD}.Release|x86.ActiveCfg = Release|Any CPU
		{9C34E61F-C1F6-40E6-8A14-4C5096FE82DD}.Release|x86.Build.0 = Release|Any CPU
		{F5E02203-508F-4000-BBEB-E884408EEF2F}.Debug|Any CPU.ActiveCfg = Debug|Any CPU
		{F5E02203-508F-4000-BBEB-E884408EEF2F}.Debug|Any CPU.Build.0 = Debug|Any CPU
		{F5E02203-508F-4000-BBEB-E884408EEF2F}.Debug|x64.ActiveCfg = Debug|Any CPU
		{F5E02203-508F-4000-BBEB-E884408EEF2F}.Debug|x64.Build.0 = Debug|Any CPU
		{F5E02203-508F-4000-BBEB-E884408EEF2F}.Debug|x86.ActiveCfg = Debug|Any CPU
		{F5E02203-508F-4000-BBEB-E884408EEF2F}.Debug|x86.Build.0 = Debug|Any CPU
		{F5E02203-508F-4000-BBEB-E884408EEF2F}.Release|Any CPU.ActiveCfg = Release|Any CPU
		{F5E02203-508F-4000-BBEB-E884408EEF2F}.Release|Any CPU.Build.0 = Release|Any CPU
		{F5E02203-508F-4000-BBEB-E884408EEF2F}.Release|x64.ActiveCfg = Release|Any CPU
		{F5E02203-508F-4000-BBEB-E884408EEF2F}.Release|x64.Build.0 = Release|Any CPU
		{F5E02203-508F-4000-BBEB-E884408EEF2F}.Release|x86.ActiveCfg = Release|Any CPU
		{F5E02203-508F-4000-BBEB-E884408EEF2F}.Release|x86.Build.0 = Release|Any CPU
		{30988527-73A0-4E92-A559-F3B00E54B276}.Debug|Any CPU.ActiveCfg = Debug|Any CPU
		{30988527-73A0-4E92-A559-F3B00E54B276}.Debug|Any CPU.Build.0 = Debug|Any CPU
		{30988527-73A0-4E92-A559-F3B00E54B276}.Debug|x64.ActiveCfg = Debug|Any CPU
		{30988527-73A0-4E92-A559-F3B00E54B276}.Debug|x64.Build.0 = Debug|Any CPU
		{30988527-73A0-4E92-A559-F3B00E54B276}.Debug|x86.ActiveCfg = Debug|Any CPU
		{30988527-73A0-4E92-A559-F3B00E54B276}.Debug|x86.Build.0 = Debug|Any CPU
		{30988527-73A0-4E92-A559-F3B00E54B276}.Release|Any CPU.ActiveCfg = Release|Any CPU
		{30988527-73A0-4E92-A559-F3B00E54B276}.Release|Any CPU.Build.0 = Release|Any CPU
		{30988527-73A0-4E92-A559-F3B00E54B276}.Release|x64.ActiveCfg = Release|Any CPU
		{30988527-73A0-4E92-A559-F3B00E54B276}.Release|x64.Build.0 = Release|Any CPU
		{30988527-73A0-4E92-A559-F3B00E54B276}.Release|x86.ActiveCfg = Release|Any CPU
		{30988527-73A0-4E92-A559-F3B00E54B276}.Release|x86.Build.0 = Release|Any CPU
		{6DE840B1-5DB7-4B62-9871-0B1DD1957A3D}.Debug|Any CPU.ActiveCfg = Debug|Any CPU
		{6DE840B1-5DB7-4B62-9871-0B1DD1957A3D}.Debug|Any CPU.Build.0 = Debug|Any CPU
		{6DE840B1-5DB7-4B62-9871-0B1DD1957A3D}.Debug|x64.ActiveCfg = Debug|Any CPU
		{6DE840B1-5DB7-4B62-9871-0B1DD1957A3D}.Debug|x64.Build.0 = Debug|Any CPU
		{6DE840B1-5DB7-4B62-9871-0B1DD1957A3D}.Debug|x86.ActiveCfg = Debug|Any CPU
		{6DE840B1-5DB7-4B62-9871-0B1DD1957A3D}.Debug|x86.Build.0 = Debug|Any CPU
		{6DE840B1-5DB7-4B62-9871-0B1DD1957A3D}.Release|Any CPU.ActiveCfg = Release|Any CPU
		{6DE840B1-5DB7-4B62-9871-0B1DD1957A3D}.Release|Any CPU.Build.0 = Release|Any CPU
		{6DE840B1-5DB7-4B62-9871-0B1DD1957A3D}.Release|x64.ActiveCfg = Release|Any CPU
		{6DE840B1-5DB7-4B62-9871-0B1DD1957A3D}.Release|x64.Build.0 = Release|Any CPU
		{6DE840B1-5DB7-4B62-9871-0B1DD1957A3D}.Release|x86.ActiveCfg = Release|Any CPU
		{6DE840B1-5DB7-4B62-9871-0B1DD1957A3D}.Release|x86.Build.0 = Release|Any CPU
		{1ADC87D1-8963-4100-845A-18477824718E}.Debug|Any CPU.ActiveCfg = Debug|Any CPU
		{1ADC87D1-8963-4100-845A-18477824718E}.Debug|Any CPU.Build.0 = Debug|Any CPU
		{1ADC87D1-8963-4100-845A-18477824718E}.Debug|x64.ActiveCfg = Debug|Any CPU
		{1ADC87D1-8963-4100-845A-18477824718E}.Debug|x64.Build.0 = Debug|Any CPU
		{1ADC87D1-8963-4100-845A-18477824718E}.Debug|x86.ActiveCfg = Debug|Any CPU
		{1ADC87D1-8963-4100-845A-18477824718E}.Debug|x86.Build.0 = Debug|Any CPU
		{1ADC87D1-8963-4100-845A-18477824718E}.Release|Any CPU.ActiveCfg = Release|Any CPU
		{1ADC87D1-8963-4100-845A-18477824718E}.Release|Any CPU.Build.0 = Release|Any CPU
		{1ADC87D1-8963-4100-845A-18477824718E}.Release|x64.ActiveCfg = Release|Any CPU
		{1ADC87D1-8963-4100-845A-18477824718E}.Release|x64.Build.0 = Release|Any CPU
		{1ADC87D1-8963-4100-845A-18477824718E}.Release|x86.ActiveCfg = Release|Any CPU
		{1ADC87D1-8963-4100-845A-18477824718E}.Release|x86.Build.0 = Release|Any CPU
		{05414A4A-7582-46D0-8D9B-F894D4875AA3}.Debug|Any CPU.ActiveCfg = Debug|Any CPU
		{05414A4A-7582-46D0-8D9B-F894D4875AA3}.Debug|Any CPU.Build.0 = Debug|Any CPU
		{05414A4A-7582-46D0-8D9B-F894D4875AA3}.Debug|x64.ActiveCfg = Debug|Any CPU
		{05414A4A-7582-46D0-8D9B-F894D4875AA3}.Debug|x64.Build.0 = Debug|Any CPU
		{05414A4A-7582-46D0-8D9B-F894D4875AA3}.Debug|x86.ActiveCfg = Debug|Any CPU
		{05414A4A-7582-46D0-8D9B-F894D4875AA3}.Debug|x86.Build.0 = Debug|Any CPU
		{05414A4A-7582-46D0-8D9B-F894D4875AA3}.Release|Any CPU.ActiveCfg = Release|Any CPU
		{05414A4A-7582-46D0-8D9B-F894D4875AA3}.Release|Any CPU.Build.0 = Release|Any CPU
		{05414A4A-7582-46D0-8D9B-F894D4875AA3}.Release|x64.ActiveCfg = Release|Any CPU
		{05414A4A-7582-46D0-8D9B-F894D4875AA3}.Release|x64.Build.0 = Release|Any CPU
		{05414A4A-7582-46D0-8D9B-F894D4875AA3}.Release|x86.ActiveCfg = Release|Any CPU
		{05414A4A-7582-46D0-8D9B-F894D4875AA3}.Release|x86.Build.0 = Release|Any CPU
		{FB4B6F35-3D5A-4348-ACE0-0545BBCBE1F8}.Debug|Any CPU.ActiveCfg = Debug|Any CPU
		{FB4B6F35-3D5A-4348-ACE0-0545BBCBE1F8}.Debug|Any CPU.Build.0 = Debug|Any CPU
		{FB4B6F35-3D5A-4348-ACE0-0545BBCBE1F8}.Debug|x64.ActiveCfg = Debug|Any CPU
		{FB4B6F35-3D5A-4348-ACE0-0545BBCBE1F8}.Debug|x64.Build.0 = Debug|Any CPU
		{FB4B6F35-3D5A-4348-ACE0-0545BBCBE1F8}.Debug|x86.ActiveCfg = Debug|Any CPU
		{FB4B6F35-3D5A-4348-ACE0-0545BBCBE1F8}.Debug|x86.Build.0 = Debug|Any CPU
		{FB4B6F35-3D5A-4348-ACE0-0545BBCBE1F8}.Release|Any CPU.ActiveCfg = Release|Any CPU
		{FB4B6F35-3D5A-4348-ACE0-0545BBCBE1F8}.Release|Any CPU.Build.0 = Release|Any CPU
		{FB4B6F35-3D5A-4348-ACE0-0545BBCBE1F8}.Release|x64.ActiveCfg = Release|Any CPU
		{FB4B6F35-3D5A-4348-ACE0-0545BBCBE1F8}.Release|x64.Build.0 = Release|Any CPU
		{FB4B6F35-3D5A-4348-ACE0-0545BBCBE1F8}.Release|x86.ActiveCfg = Release|Any CPU
		{FB4B6F35-3D5A-4348-ACE0-0545BBCBE1F8}.Release|x86.Build.0 = Release|Any CPU
	EndGlobalSection
	GlobalSection(SolutionProperties) = preSolution
		HideSolutionNode = FALSE
	EndGlobalSection
	GlobalSection(NestedProjects) = preSolution
		{064D8954-EF52-AA07-48F5-01E85D3D0079} = {827E0CD3-B72D-47B6-A68D-7590B98EB39B}
		{05414A4A-7582-46D0-8D9B-F894D4875AA3} = {064D8954-EF52-AA07-48F5-01E85D3D0079}
		{FB4B6F35-3D5A-4348-ACE0-0545BBCBE1F8} = {064D8954-EF52-AA07-48F5-01E85D3D0079}
	EndGlobalSection
	GlobalSection(ExtensibilityGlobals) = postSolution
		SolutionGuid = {ED269E5D-8C72-49B4-A76F-51CF163511C1}
		RESX_NeutralResourcesLanguage = en-GB
	EndGlobalSection
EndGlobal
